// !$*UTF8*$!
{
	archiveVersion = 1;
	classes = {
	};
	objectVersion = 46;
	objects = {

/* Begin PBXBuildFile section */
		3A060C711AB9D5EF0059A467 /* AppDelegate.swift in Sources */ = {isa = PBXBuildFile; fileRef = 3A060C701AB9D5EF0059A467 /* AppDelegate.swift */; };
		3A060C781AB9D5EF0059A467 /* Images.xcassets in Resources */ = {isa = PBXBuildFile; fileRef = 3A060C771AB9D5EF0059A467 /* Images.xcassets */; };
		3A060C7B1AB9D5EF0059A467 /* LaunchScreen.xib in Resources */ = {isa = PBXBuildFile; fileRef = 3A060C791AB9D5EF0059A467 /* LaunchScreen.xib */; };
		3A060C871AB9D5F00059A467 /* MultiStoryBoadsDemoTests.swift in Sources */ = {isa = PBXBuildFile; fileRef = 3A060C861AB9D5F00059A467 /* MultiStoryBoadsDemoTests.swift */; };
		3A060CB51AB9DE550059A467 /* Events.storyboard in Resources */ = {isa = PBXBuildFile; fileRef = 3A060CAC1AB9DE550059A467 /* Events.storyboard */; };
		3A060CB61AB9DE550059A467 /* Map.storyboard in Resources */ = {isa = PBXBuildFile; fileRef = 3A060CAE1AB9DE550059A467 /* Map.storyboard */; };
		3A060CB71AB9DE550059A467 /* Others.storyboard in Resources */ = {isa = PBXBuildFile; fileRef = 3A060CB01AB9DE550059A467 /* Others.storyboard */; };
		3A060CB81AB9DE550059A467 /* Schedule.storyboard in Resources */ = {isa = PBXBuildFile; fileRef = 3A060CB21AB9DE550059A467 /* Schedule.storyboard */; };
		3A060CB91AB9DE550059A467 /* Timeline.storyboard in Resources */ = {isa = PBXBuildFile; fileRef = 3A060CB41AB9DE550059A467 /* Timeline.storyboard */; };
		3A060CBB1AB9DE970059A467 /* EventsViewController.swift in Sources */ = {isa = PBXBuildFile; fileRef = 3A060CBA1AB9DE970059A467 /* EventsViewController.swift */; };
		3A060CBD1AB9DEA60059A467 /* MapViewController.swift in Sources */ = {isa = PBXBuildFile; fileRef = 3A060CBC1AB9DEA60059A467 /* MapViewController.swift */; };
		3A060CBF1AB9DEB30059A467 /* OthersViewController.swift in Sources */ = {isa = PBXBuildFile; fileRef = 3A060CBE1AB9DEB30059A467 /* OthersViewController.swift */; };
		3A060CC11AB9DEC00059A467 /* ScheduleViewController.swift in Sources */ = {isa = PBXBuildFile; fileRef = 3A060CC01AB9DEC00059A467 /* ScheduleViewController.swift */; };
		3A060CC31AB9DECD0059A467 /* TimelineViewController.swift in Sources */ = {isa = PBXBuildFile; fileRef = 3A060CC21AB9DECD0059A467 /* TimelineViewController.swift */; };
		3A060CC51AB9E0C50059A467 /* MyTabBarController.swift in Sources */ = {isa = PBXBuildFile; fileRef = 3A060CC41AB9E0C50059A467 /* MyTabBarController.swift */; };
		3A060CC71AB9F3300059A467 /* S1ViewController.swift in Sources */ = {isa = PBXBuildFile; fileRef = 3A060CC61AB9F3300059A467 /* S1ViewController.swift */; };
		3A060CC91AB9F34F0059A467 /* S2ViewController.swift in Sources */ = {isa = PBXBuildFile; fileRef = 3A060CC81AB9F34F0059A467 /* S2ViewController.swift */; };
		3A060CCB1AB9F35B0059A467 /* S3ViewController.swift in Sources */ = {isa = PBXBuildFile; fileRef = 3A060CCA1AB9F35B0059A467 /* S3ViewController.swift */; };
		3A060CCD1AB9F3AE0059A467 /* E2ViewController.swift in Sources */ = {isa = PBXBuildFile; fileRef = 3A060CCC1AB9F3AE0059A467 /* E2ViewController.swift */; };
		3A060CCF1AB9F3B80059A467 /* E3ViewController.swift in Sources */ = {isa = PBXBuildFile; fileRef = 3A060CCE1AB9F3B80059A467 /* E3ViewController.swift */; };
/* End PBXBuildFile section */

/* Begin PBXContainerItemProxy section */
		3A060C811AB9D5F00059A467 /* PBXContainerItemProxy */ = {
			isa = PBXContainerItemProxy;
			containerPortal = 3A060C631AB9D5EF0059A467 /* Project object */;
			proxyType = 1;
			remoteGlobalIDString = 3A060C6A1AB9D5EF0059A467;
			remoteInfo = MultiStoryBoadsDemo;
		};
/* End PBXContainerItemProxy section */

/* Begin PBXFileReference section */
		3A060C6B1AB9D5EF0059A467 /* MultiStoryBoadsDemo.app */ = {isa = PBXFileReference; explicitFileType = wrapper.application; includeInIndex = 0; path = MultiStoryBoadsDemo.app; sourceTree = BUILT_PRODUCTS_DIR; };
		3A060C6F1AB9D5EF0059A467 /* Info.plist */ = {isa = PBXFileReference; lastKnownFileType = text.plist.xml; path = Info.plist; sourceTree = "<group>"; };
		3A060C701AB9D5EF0059A467 /* AppDelegate.swift */ = {isa = PBXFileReference; lastKnownFileType = sourcecode.swift; path = AppDelegate.swift; sourceTree = "<group>"; };
		3A060C771AB9D5EF0059A467 /* Images.xcassets */ = {isa = PBXFileReference; lastKnownFileType = folder.assetcatalog; path = Images.xcassets; sourceTree = "<group>"; };
		3A060C7A1AB9D5EF0059A467 /* Base */ = {isa = PBXFileReference; lastKnownFileType = file.xib; name = Base; path = Base.lproj/LaunchScreen.xib; sourceTree = "<group>"; };
		3A060C801AB9D5F00059A467 /* MultiStoryBoadsDemoTests.xctest */ = {isa = PBXFileReference; explicitFileType = wrapper.cfbundle; includeInIndex = 0; path = MultiStoryBoadsDemoTests.xctest; sourceTree = BUILT_PRODUCTS_DIR; };
		3A060C851AB9D5F00059A467 /* Info.plist */ = {isa = PBXFileReference; lastKnownFileType = text.plist.xml; path = Info.plist; sourceTree = "<group>"; };
		3A060C861AB9D5F00059A467 /* MultiStoryBoadsDemoTests.swift */ = {isa = PBXFileReference; lastKnownFileType = sourcecode.swift; path = MultiStoryBoadsDemoTests.swift; sourceTree = "<group>"; };
		3A060CAC1AB9DE550059A467 /* Events.storyboard */ = {isa = PBXFileReference; fileEncoding = 4; lastKnownFileType = file.storyboard; path = Events.storyboard; sourceTree = "<group>"; };
		3A060CAE1AB9DE550059A467 /* Map.storyboard */ = {isa = PBXFileReference; fileEncoding = 4; lastKnownFileType = file.storyboard; path = Map.storyboard; sourceTree = "<group>"; };
		3A060CB01AB9DE550059A467 /* Others.storyboard */ = {isa = PBXFileReference; fileEncoding = 4; lastKnownFileType = file.storyboard; path = Others.storyboard; sourceTree = "<group>"; };
		3A060CB21AB9DE550059A467 /* Schedule.storyboard */ = {isa = PBXFileReference; fileEncoding = 4; lastKnownFileType = file.storyboard; path = Schedule.storyboard; sourceTree = "<group>"; };
		3A060CB41AB9DE550059A467 /* Timeline.storyboard */ = {isa = PBXFileReference; fileEncoding = 4; lastKnownFileType = file.storyboard; path = Timeline.storyboard; sourceTree = "<group>"; };
		3A060CBA1AB9DE970059A467 /* EventsViewController.swift */ = {isa = PBXFileReference; fileEncoding = 4; lastKnownFileType = sourcecode.swift; path = EventsViewController.swift; sourceTree = "<group>"; };
		3A060CBC1AB9DEA60059A467 /* MapViewController.swift */ = {isa = PBXFileReference; fileEncoding = 4; lastKnownFileType = sourcecode.swift; path = MapViewController.swift; sourceTree = "<group>"; };
		3A060CBE1AB9DEB30059A467 /* OthersViewController.swift */ = {isa = PBXFileReference; fileEncoding = 4; lastKnownFileType = sourcecode.swift; path = OthersViewController.swift; sourceTree = "<group>"; };
		3A060CC01AB9DEC00059A467 /* ScheduleViewController.swift */ = {isa = PBXFileReference; fileEncoding = 4; lastKnownFileType = sourcecode.swift; path = ScheduleViewController.swift; sourceTree = "<group>"; };
		3A060CC21AB9DECD0059A467 /* TimelineViewController.swift */ = {isa = PBXFileReference; fileEncoding = 4; lastKnownFileType = sourcecode.swift; path = TimelineViewController.swift; sourceTree = "<group>"; };
		3A060CC41AB9E0C50059A467 /* MyTabBarController.swift */ = {isa = PBXFileReference; fileEncoding = 4; lastKnownFileType = sourcecode.swift; path = MyTabBarController.swift; sourceTree = "<group>"; };
		3A060CC61AB9F3300059A467 /* S1ViewController.swift */ = {isa = PBXFileReference; fileEncoding = 4; lastKnownFileType = sourcecode.swift; path = S1ViewController.swift; sourceTree = "<group>"; };
		3A060CC81AB9F34F0059A467 /* S2ViewController.swift */ = {isa = PBXFileReference; fileEncoding = 4; lastKnownFileType = sourcecode.swift; path = S2ViewController.swift; sourceTree = "<group>"; };
		3A060CCA1AB9F35B0059A467 /* S3ViewController.swift */ = {isa = PBXFileReference; fileEncoding = 4; lastKnownFileType = sourcecode.swift; path = S3ViewController.swift; sourceTree = "<group>"; };
		3A060CCC1AB9F3AE0059A467 /* E2ViewController.swift */ = {isa = PBXFileReference; fileEncoding = 4; lastKnownFileType = sourcecode.swift; path = E2ViewController.swift; sourceTree = "<group>"; };
		3A060CCE1AB9F3B80059A467 /* E3ViewController.swift */ = {isa = PBXFileReference; fileEncoding = 4; lastKnownFileType = sourcecode.swift; path = E3ViewController.swift; sourceTree = "<group>"; };
/* End PBXFileReference section */

/* Begin PBXFrameworksBuildPhase section */
		3A060C681AB9D5EF0059A467 /* Frameworks */ = {
			isa = PBXFrameworksBuildPhase;
			buildActionMask = 2147483647;
			files = (
			);
			runOnlyForDeploymentPostprocessing = 0;
		};
		3A060C7D1AB9D5F00059A467 /* Frameworks */ = {
			isa = PBXFrameworksBuildPhase;
			buildActionMask = 2147483647;
			files = (
			);
			runOnlyForDeploymentPostprocessing = 0;
		};
/* End PBXFrameworksBuildPhase section */

/* Begin PBXGroup section */
		3A060C621AB9D5EF0059A467 = {
			isa = PBXGroup;
			children = (
				3A060C6D1AB9D5EF0059A467 /* MultiStoryBoadsDemo */,
				3A060C831AB9D5F00059A467 /* MultiStoryBoadsDemoTests */,
				3A060C6C1AB9D5EF0059A467 /* Products */,
			);
			sourceTree = "<group>";
		};
		3A060C6C1AB9D5EF0059A467 /* Products */ = {
			isa = PBXGroup;
			children = (
				3A060C6B1AB9D5EF0059A467 /* MultiStoryBoadsDemo.app */,
				3A060C801AB9D5F00059A467 /* MultiStoryBoadsDemoTests.xctest */,
			);
			name = Products;
			sourceTree = "<group>";
		};
		3A060C6D1AB9D5EF0059A467 /* MultiStoryBoadsDemo */ = {
			isa = PBXGroup;
			children = (
				3A060C991AB9D9850059A467 /* Extensions */,
				3A060C701AB9D5EF0059A467 /* AppDelegate.swift */,
				3A060CC41AB9E0C50059A467 /* MyTabBarController.swift */,
				3A060C771AB9D5EF0059A467 /* Images.xcassets */,
				3A060C791AB9D5EF0059A467 /* LaunchScreen.xib */,
				3A060CAA1AB9DE550059A467 /* SectionsForTab */,
				3A060C6E1AB9D5EF0059A467 /* Supporting Files */,
			);
			path = MultiStoryBoadsDemo;
			sourceTree = "<group>";
		};
		3A060C6E1AB9D5EF0059A467 /* Supporting Files */ = {
			isa = PBXGroup;
			children = (
				3A060C6F1AB9D5EF0059A467 /* Info.plist */,
			);
			name = "Supporting Files";
			sourceTree = "<group>";
		};
		3A060C831AB9D5F00059A467 /* MultiStoryBoadsDemoTests */ = {
			isa = PBXGroup;
			children = (
				3A060C861AB9D5F00059A467 /* MultiStoryBoadsDemoTests.swift */,
				3A060C841AB9D5F00059A467 /* Supporting Files */,
			);
			path = MultiStoryBoadsDemoTests;
			sourceTree = "<group>";
		};
		3A060C841AB9D5F00059A467 /* Supporting Files */ = {
			isa = PBXGroup;
			children = (
				3A060C851AB9D5F00059A467 /* Info.plist */,
			);
			name = "Supporting Files";
			sourceTree = "<group>";
		};
		3A060C991AB9D9850059A467 /* Extensions */ = {
			isa = PBXGroup;
			children = (
			);
			path = Extensions;
			sourceTree = "<group>";
		};
		3A060CAA1AB9DE550059A467 /* SectionsForTab */ = {
			isa = PBXGroup;
			children = (
				3A060CAF1AB9DE550059A467 /* OthersSection */,
				3A060CAB1AB9DE550059A467 /* EventsSection */,
				3A060CAD1AB9DE550059A467 /* MapSection */,
				3A060CB11AB9DE550059A467 /* ScheduleSection */,
				3A060CB31AB9DE550059A467 /* TimelineSection */,
			);
			path = SectionsForTab;
			sourceTree = "<group>";
		};
		3A060CAB1AB9DE550059A467 /* EventsSection */ = {
			isa = PBXGroup;
			children = (
				3A060CAC1AB9DE550059A467 /* Events.storyboard */,
				3A060CBA1AB9DE970059A467 /* EventsViewController.swift */,
				3A060CCC1AB9F3AE0059A467 /* E2ViewController.swift */,
				3A060CCE1AB9F3B80059A467 /* E3ViewController.swift */,
			);
			path = EventsSection;
			sourceTree = "<group>";
		};
		3A060CAD1AB9DE550059A467 /* MapSection */ = {
			isa = PBXGroup;
			children = (
				3A060CAE1AB9DE550059A467 /* Map.storyboard */,
				3A060CBC1AB9DEA60059A467 /* MapViewController.swift */,
			);
			path = MapSection;
			sourceTree = "<group>";
		};
		3A060CAF1AB9DE550059A467 /* OthersSection */ = {
			isa = PBXGroup;
			children = (
				3A060CB01AB9DE550059A467 /* Others.storyboard */,
				3A060CBE1AB9DEB30059A467 /* OthersViewController.swift */,
			);
			path = OthersSection;
			sourceTree = "<group>";
		};
		3A060CB11AB9DE550059A467 /* ScheduleSection */ = {
			isa = PBXGroup;
			children = (
				3A060CB21AB9DE550059A467 /* Schedule.storyboard */,
				3A060CC01AB9DEC00059A467 /* ScheduleViewController.swift */,
				3A060CC61AB9F3300059A467 /* S1ViewController.swift */,
				3A060CC81AB9F34F0059A467 /* S2ViewController.swift */,
				3A060CCA1AB9F35B0059A467 /* S3ViewController.swift */,
			);
			path = ScheduleSection;
			sourceTree = "<group>";
		};
		3A060CB31AB9DE550059A467 /* TimelineSection */ = {
			isa = PBXGroup;
			children = (
				3A060CB41AB9DE550059A467 /* Timeline.storyboard */,
				3A060CC21AB9DECD0059A467 /* TimelineViewController.swift */,
			);
			path = TimelineSection;
			sourceTree = "<group>";
		};
/* End PBXGroup section */

/* Begin PBXNativeTarget section */
		3A060C6A1AB9D5EF0059A467 /* MultiStoryBoadsDemo */ = {
			isa = PBXNativeTarget;
			buildConfigurationList = 3A060C8A1AB9D5F00059A467 /* Build configuration list for PBXNativeTarget "MultiStoryBoadsDemo" */;
			buildPhases = (
				3A060C671AB9D5EF0059A467 /* Sources */,
				3A060C681AB9D5EF0059A467 /* Frameworks */,
				3A060C691AB9D5EF0059A467 /* Resources */,
			);
			buildRules = (
			);
			dependencies = (
			);
			name = MultiStoryBoadsDemo;
			productName = MultiStoryBoadsDemo;
			productReference = 3A060C6B1AB9D5EF0059A467 /* MultiStoryBoadsDemo.app */;
			productType = "com.apple.product-type.application";
		};
		3A060C7F1AB9D5F00059A467 /* MultiStoryBoadsDemoTests */ = {
			isa = PBXNativeTarget;
			buildConfigurationList = 3A060C8D1AB9D5F00059A467 /* Build configuration list for PBXNativeTarget "MultiStoryBoadsDemoTests" */;
			buildPhases = (
				3A060C7C1AB9D5F00059A467 /* Sources */,
				3A060C7D1AB9D5F00059A467 /* Frameworks */,
				3A060C7E1AB9D5F00059A467 /* Resources */,
			);
			buildRules = (
			);
			dependencies = (
				3A060C821AB9D5F00059A467 /* PBXTargetDependency */,
			);
			name = MultiStoryBoadsDemoTests;
			productName = MultiStoryBoadsDemoTests;
			productReference = 3A060C801AB9D5F00059A467 /* MultiStoryBoadsDemoTests.xctest */;
			productType = "com.apple.product-type.bundle.unit-test";
		};
/* End PBXNativeTarget section */

/* Begin PBXProject section */
		3A060C631AB9D5EF0059A467 /* Project object */ = {
			isa = PBXProject;
			attributes = {
				LastUpgradeCheck = 0620;
				ORGANIZATIONNAME = "atsushi otsubo";
				TargetAttributes = {
					3A060C6A1AB9D5EF0059A467 = {
						CreatedOnToolsVersion = 6.2;
					};
					3A060C7F1AB9D5F00059A467 = {
						CreatedOnToolsVersion = 6.2;
						TestTargetID = 3A060C6A1AB9D5EF0059A467;
					};
				};
			};
			buildConfigurationList = 3A060C661AB9D5EF0059A467 /* Build configuration list for PBXProject "MultiStoryBoadsDemo" */;
			compatibilityVersion = "Xcode 3.2";
			developmentRegion = English;
			hasScannedForEncodings = 0;
			knownRegions = (
				en,
				Base,
			);
			mainGroup = 3A060C621AB9D5EF0059A467;
			productRefGroup = 3A060C6C1AB9D5EF0059A467 /* Products */;
			projectDirPath = "";
			projectRoot = "";
			targets = (
				3A060C6A1AB9D5EF0059A467 /* MultiStoryBoadsDemo */,
				3A060C7F1AB9D5F00059A467 /* MultiStoryBoadsDemoTests */,
			);
		};
/* End PBXProject section */

/* Begin PBXResourcesBuildPhase section */
		3A060C691AB9D5EF0059A467 /* Resources */ = {
			isa = PBXResourcesBuildPhase;
			buildActionMask = 2147483647;
			files = (
				3A060C7B1AB9D5EF0059A467 /* LaunchScreen.xib in Resources */,
				3A060C781AB9D5EF0059A467 /* Images.xcassets in Resources */,
				3A060CB71AB9DE550059A467 /* Others.storyboard in Resources */,
				3A060CB51AB9DE550059A467 /* Events.storyboard in Resources */,
				3A060CB61AB9DE550059A467 /* Map.storyboard in Resources */,
				3A060CB81AB9DE550059A467 /* Schedule.storyboard in Resources */,
				3A060CB91AB9DE550059A467 /* Timeline.storyboard in Resources */,
			);
			runOnlyForDeploymentPostprocessing = 0;
		};
		3A060C7E1AB9D5F00059A467 /* Resources */ = {
			isa = PBXResourcesBuildPhase;
			buildActionMask = 2147483647;
			files = (
			);
			runOnlyForDeploymentPostprocessing = 0;
		};
/* End PBXResourcesBuildPhase section */

/* Begin PBXSourcesBuildPhase section */
		3A060C671AB9D5EF0059A467 /* Sources */ = {
			isa = PBXSourcesBuildPhase;
			buildActionMask = 2147483647;
			files = (
				3A060CC11AB9DEC00059A467 /* ScheduleViewController.swift in Sources */,
				3A060C711AB9D5EF0059A467 /* AppDelegate.swift in Sources */,
				3A060CBF1AB9DEB30059A467 /* OthersViewController.swift in Sources */,
				3A060CBD1AB9DEA60059A467 /* MapViewController.swift in Sources */,
				3A060CCF1AB9F3B80059A467 /* E3ViewController.swift in Sources */,
				3A060CC91AB9F34F0059A467 /* S2ViewController.swift in Sources */,
				3A060CC71AB9F3300059A467 /* S1ViewController.swift in Sources */,
				3A060CCB1AB9F35B0059A467 /* S3ViewController.swift in Sources */,
				3A060CCD1AB9F3AE0059A467 /* E2ViewController.swift in Sources */,
				3A060CBB1AB9DE970059A467 /* EventsViewController.swift in Sources */,
				3A060CC31AB9DECD0059A467 /* TimelineViewController.swift in Sources */,
				3A060CC51AB9E0C50059A467 /* MyTabBarController.swift in Sources */,
			);
			runOnlyForDeploymentPostprocessing = 0;
		};
		3A060C7C1AB9D5F00059A467 /* Sources */ = {
			isa = PBXSourcesBuildPhase;
			buildActionMask = 2147483647;
			files = (
				3A060C871AB9D5F00059A467 /* MultiStoryBoadsDemoTests.swift in Sources */,
			);
			runOnlyForDeploymentPostprocessing = 0;
		};
/* End PBXSourcesBuildPhase section */

/* Begin PBXTargetDependency section */
		3A060C821AB9D5F00059A467 /* PBXTargetDependency */ = {
			isa = PBXTargetDependency;
			target = 3A060C6A1AB9D5EF0059A467 /* MultiStoryBoadsDemo */;
			targetProxy = 3A060C811AB9D5F00059A467 /* PBXContainerItemProxy */;
		};
/* End PBXTargetDependency section */

/* Begin PBXVariantGroup section */
		3A060C791AB9D5EF0059A467 /* LaunchScreen.xib */ = {
			isa = PBXVariantGroup;
			children = (
				3A060C7A1AB9D5EF0059A467 /* Base */,
			);
			name = LaunchScreen.xib;
			sourceTree = "<group>";
		};
/* End PBXVariantGroup section */

/* Begin XCBuildConfiguration section */
		3A060C881AB9D5F00059A467 /* Debug */ = {
			isa = XCBuildConfiguration;
			buildSettings = {
				ALWAYS_SEARCH_USER_PATHS = NO;
				CLANG_CXX_LANGUAGE_STANDARD = "gnu++0x";
				CLANG_CXX_LIBRARY = "libc++";
				CLANG_ENABLE_MODULES = YES;
				CLANG_ENABLE_OBJC_ARC = YES;
				CLANG_WARN_BOOL_CONVERSION = YES;
				CLANG_WARN_CONSTANT_CONVERSION = YES;
				CLANG_WARN_DIRECT_OBJC_ISA_USAGE = YES_ERROR;
				CLANG_WARN_EMPTY_BODY = YES;
				CLANG_WARN_ENUM_CONVERSION = YES;
				CLANG_WARN_INT_CONVERSION = YES;
				CLANG_WARN_OBJC_ROOT_CLASS = YES_ERROR;
				CLANG_WARN_UNREACHABLE_CODE = YES;
				CLANG_WARN__DUPLICATE_METHOD_MATCH = YES;
				"CODE_SIGN_IDENTITY[sdk=iphoneos*]" = "iPhone Developer";
				COPY_PHASE_STRIP = NO;
				ENABLE_STRICT_OBJC_MSGSEND = YES;
				GCC_C_LANGUAGE_STANDARD = gnu99;
				GCC_DYNAMIC_NO_PIC = NO;
				GCC_OPTIMIZATION_LEVEL = 0;
				GCC_PREPROCESSOR_DEFINITIONS = (
					"DEBUG=1",
					"$(inherited)",
				);
				GCC_SYMBOLS_PRIVATE_EXTERN = NO;
				GCC_WARN_64_TO_32_BIT_CONVERSION = YES;
				GCC_WARN_ABOUT_RETURN_TYPE = YES_ERROR;
				GCC_WARN_UNDECLARED_SELECTOR = YES;
				GCC_WARN_UNINITIALIZED_AUTOS = YES_AGGRESSIVE;
				GCC_WARN_UNUSED_FUNCTION = YES;
				GCC_WARN_UNUSED_VARIABLE = YES;
				IPHONEOS_DEPLOYMENT_TARGET = 8.2;
				MTL_ENABLE_DEBUG_INFO = YES;
				ONLY_ACTIVE_ARCH = YES;
				SDKROOT = iphoneos;
				SWIFT_OPTIMIZATION_LEVEL = "-Onone";
				TARGETED_DEVICE_FAMILY = "1,2";
			};
			name = Debug;
		};
		3A060C891AB9D5F00059A467 /* Release */ = {
			isa = XCBuildConfiguration;
			buildSettings = {
				ALWAYS_SEARCH_USER_PATHS = NO;
				CLANG_CXX_LANGUAGE_STANDARD = "gnu++0x";
				CLANG_CXX_LIBRARY = "libc++";
				CLANG_ENABLE_MODULES = YES;
				CLANG_ENABLE_OBJC_ARC = YES;
				CLANG_WARN_BOOL_CONVERSION = YES;
				CLANG_WARN_CONSTANT_CONVERSION = YES;
				CLANG_WARN_DIRECT_OBJC_ISA_USAGE = YES_ERROR;
				CLANG_WARN_EMPTY_BODY = YES;
				CLANG_WARN_ENUM_CONVERSION = YES;
				CLANG_WARN_INT_CONVERSION = YES;
				CLANG_WARN_OBJC_ROOT_CLASS = YES_ERROR;
				CLANG_WARN_UNREACHABLE_CODE = YES;
				CLANG_WARN__DUPLICATE_METHOD_MATCH = YES;
				"CODE_SIGN_IDENTITY[sdk=iphoneos*]" = "iPhone Developer";
				COPY_PHASE_STRIP = NO;
				ENABLE_NS_ASSERTIONS = NO;
				ENABLE_STRICT_OBJC_MSGSEND = YES;
				GCC_C_LANGUAGE_STANDARD = gnu99;
				GCC_WARN_64_TO_32_BIT_CONVERSION = YES;
				GCC_WARN_ABOUT_RETURN_TYPE = YES_ERROR;
				GCC_WARN_UNDECLARED_SELECTOR = YES;
				GCC_WARN_UNINITIALIZED_AUTOS = YES_AGGRESSIVE;
				GCC_WARN_UNUSED_FUNCTION = YES;
				GCC_WARN_UNUSED_VARIABLE = YES;
				IPHONEOS_DEPLOYMENT_TARGET = 8.2;
				MTL_ENABLE_DEBUG_INFO = NO;
				SDKROOT = iphoneos;
				TARGETED_DEVICE_FAMILY = "1,2";
				VALIDATE_PRODUCT = YES;
			};
			name = Release;
		};
		3A060C8B1AB9D5F00059A467 /* Debug */ = {
			isa = XCBuildConfiguration;
			buildSettings = {
				ASSETCATALOG_COMPILER_APPICON_NAME = AppIcon;
				INFOPLIST_FILE = MultiStoryBoadsDemo/Info.plist;
				LD_RUNPATH_SEARCH_PATHS = "$(inherited) @executable_path/Frameworks";
				PRODUCT_NAME = "$(TARGET_NAME)";
			};
			name = Debug;
		};
		3A060C8C1AB9D5F00059A467 /* Release */ = {
			isa = XCBuildConfiguration;
			buildSettings = {
				ASSETCATALOG_COMPILER_APPICON_NAME = AppIcon;
				INFOPLIST_FILE = MultiStoryBoadsDemo/Info.plist;
				LD_RUNPATH_SEARCH_PATHS = "$(inherited) @executable_path/Frameworks";
				PRODUCT_NAME = "$(TARGET_NAME)";
			};
			name = Release;
		};
		3A060C8E1AB9D5F00059A467 /* Debug */ = {
			isa = XCBuildConfiguration;
			buildSettings = {
				BUNDLE_LOADER = "$(TEST_HOST)";
				FRAMEWORK_SEARCH_PATHS = (
					"$(SDKROOT)/Developer/Library/Frameworks",
					"$(inherited)",
				);
				GCC_PREPROCESSOR_DEFINITIONS = (
					"DEBUG=1",
					"$(inherited)",
				);
				INFOPLIST_FILE = MultiStoryBoadsDemoTests/Info.plist;
				LD_RUNPATH_SEARCH_PATHS = "$(inherited) @executable_path/Frameworks @loader_path/Frameworks";
				PRODUCT_NAME = "$(TARGET_NAME)";
				TEST_HOST = "$(BUILT_PRODUCTS_DIR)/MultiStoryBoadsDemo.app/MultiStoryBoadsDemo";
			};
			name = Debug;
		};
		3A060C8F1AB9D5F00059A467 /* Release */ = {
			isa = XCBuildConfiguration;
			buildSettings = {
				BUNDLE_LOADER = "$(TEST_HOST)";
				FRAMEWORK_SEARCH_PATHS = (
					"$(SDKROOT)/Developer/Library/Frameworks",
					"$(inherited)",
				);
				INFOPLIST_FILE = MultiStoryBoadsDemoTests/Info.plist;
				LD_RUNPATH_SEARCH_PATHS = "$(inherited) @executable_path/Frameworks @loader_path/Frameworks";
				PRODUCT_NAME = "$(TARGET_NAME)";
				TEST_HOST = "$(BUILT_PRODUCTS_DIR)/MultiStoryBoadsDemo.app/MultiStoryBoadsDemo";
			};
			name = Release;
		};
/* End XCBuildConfiguration section */

/* Begin XCConfigurationList section */
		3A060C661AB9D5EF0059A467 /* Build configuration list for PBXProject "MultiStoryBoadsDemo" */ = {
			isa = XCConfigurationList;
			buildConfigurations = (
				3A060C881AB9D5F00059A467 /* Debug */,
				3A060C891AB9D5F00059A467 /* Release */,
			);
			defaultConfigurationIsVisible = 0;
			defaultConfigurationName = Release;
		};
		3A060C8A1AB9D5F00059A467 /* Build configuration list for PBXNativeTarget "MultiStoryBoadsDemo" */ = {
			isa = XCConfigurationList;
			buildConfigurations = (
				3A060C8B1AB9D5F00059A467 /* Debug */,
				3A060C8C1AB9D5F00059A467 /* Release */,
			);
			defaultConfigurationIsVisible = 0;
		};
		3A060C8D1AB9D5F00059A467 /* Build configuration list for PBXNativeTarget "MultiStoryBoadsDemoTests" */ = {
			isa = XCConfigurationList;
			buildConfigurations = (
				3A060C8E1AB9D5F00059A467 /* Debug */,
				3A060C8F1AB9D5F00059A467 /* Release */,
			);
			defaultConfigurationIsVisible = 0;
		};
/* End XCConfigurationList section */
	};
	rootObject = 3A060C631AB9D5EF0059A467 /* Project object */;
}
